// !$*UTF8*$!
{
	archiveVersion = 1;
	classes = {
	};
	objectVersion = 48;
	objects = {

/* Begin PBXBuildFile section */
		49C1DACE1F74F3F60056EA86 /* AppDelegate.swift in Sources */ = {isa = PBXBuildFile; fileRef = 49C1DACD1F74F3F60056EA86 /* AppDelegate.swift */; };
		49C1DAD01F74F3F60056EA86 /* MainViewController.swift in Sources */ = {isa = PBXBuildFile; fileRef = 49C1DACF1F74F3F60056EA86 /* MainViewController.swift */; };
		49C1DAD31F74F3F60056EA86 /* Main.storyboard in Resources */ = {isa = PBXBuildFile; fileRef = 49C1DAD11F74F3F60056EA86 /* Main.storyboard */; };
		49C1DAD51F74F3F60056EA86 /* Assets.xcassets in Resources */ = {isa = PBXBuildFile; fileRef = 49C1DAD41F74F3F60056EA86 /* Assets.xcassets */; };
		49C1DAD81F74F3F60056EA86 /* LaunchScreen.storyboard in Resources */ = {isa = PBXBuildFile; fileRef = 49C1DAD61F74F3F60056EA86 /* LaunchScreen.storyboard */; };
		ACB94F251F74FF7600EC586D /* UploadFileVC.swift in Sources */ = {isa = PBXBuildFile; fileRef = ACB94F241F74FF7600EC586D /* UploadFileVC.swift */; };
/* End PBXBuildFile section */

/* Begin PBXFileReference section */
		49C1DACA1F74F3F60056EA86 /* InstaNewt.app */ = {isa = PBXFileReference; explicitFileType = wrapper.application; includeInIndex = 0; path = InstaNewt.app; sourceTree = BUILT_PRODUCTS_DIR; };
		49C1DACD1F74F3F60056EA86 /* AppDelegate.swift */ = {isa = PBXFileReference; lastKnownFileType = sourcecode.swift; path = AppDelegate.swift; sourceTree = "<group>"; };
		49C1DACF1F74F3F60056EA86 /* MainViewController.swift */ = {isa = PBXFileReference; lastKnownFileType = sourcecode.swift; path = MainViewController.swift; sourceTree = "<group>"; };
		49C1DAD21F74F3F60056EA86 /* Base */ = {isa = PBXFileReference; lastKnownFileType = file.storyboard; name = Base; path = Base.lproj/Main.storyboard; sourceTree = "<group>"; };
		49C1DAD41F74F3F60056EA86 /* Assets.xcassets */ = {isa = PBXFileReference; lastKnownFileType = folder.assetcatalog; path = Assets.xcassets; sourceTree = "<group>"; };
		49C1DAD71F74F3F60056EA86 /* Base */ = {isa = PBXFileReference; lastKnownFileType = file.storyboard; name = Base; path = Base.lproj/LaunchScreen.storyboard; sourceTree = "<group>"; };
		49C1DAD91F74F3F60056EA86 /* Info.plist */ = {isa = PBXFileReference; lastKnownFileType = text.plist.xml; path = Info.plist; sourceTree = "<group>"; };
		ACB94F241F74FF7600EC586D /* UploadFileVC.swift */ = {isa = PBXFileReference; lastKnownFileType = sourcecode.swift; path = UploadFileVC.swift; sourceTree = "<group>"; };
		ACB94F261F750B6000EC586D /* viewImageVC.swift */ = {isa = PBXFileReference; lastKnownFileType = sourcecode.swift; path = viewImageVC.swift; sourceTree = "<group>"; };
/* End PBXFileReference section */

/* Begin PBXFrameworksBuildPhase section */
		49C1DAC71F74F3F60056EA86 /* Frameworks */ = {
			isa = PBXFrameworksBuildPhase;
			buildActionMask = 2147483647;
			files = (
			);
			runOnlyForDeploymentPostprocessing = 0;
		};
/* End PBXFrameworksBuildPhase section */

/* Begin PBXGroup section */
		49C1DAC11F74F3F50056EA86 = {
			isa = PBXGroup;
			children = (
				49C1DACC1F74F3F60056EA86 /* InstaNewt */,
				49C1DACB1F74F3F60056EA86 /* Products */,
			);
			sourceTree = "<group>";
		};
		49C1DACB1F74F3F60056EA86 /* Products */ = {
			isa = PBXGroup;
			children = (
				49C1DACA1F74F3F60056EA86 /* InstaNewt.app */,
			);
			name = Products;
			sourceTree = "<group>";
		};
		49C1DACC1F74F3F60056EA86 /* InstaNewt */ = {
			isa = PBXGroup;
			children = (
				ACF64A061F7515F800382ED5 /* Model */,
				ACF64A051F7515F100382ED5 /* View */,
				ACB94F231F74FC2500EC586D /* Controller */,
				49C1DACD1F74F3F60056EA86 /* AppDelegate.swift */,
				49C1DAD11F74F3F60056EA86 /* Main.storyboard */,
				49C1DAD41F74F3F60056EA86 /* Assets.xcassets */,
				49C1DAD61F74F3F60056EA86 /* LaunchScreen.storyboard */,
				49C1DAD91F74F3F60056EA86 /* Info.plist */,
			);
			path = InstaNewt;
			sourceTree = "<group>";
		};
		ACB94F231F74FC2500EC586D /* Controller */ = {
			isa = PBXGroup;
			children = (
				49C1DACF1F74F3F60056EA86 /* MainViewController.swift */,
				ACB94F241F74FF7600EC586D /* UploadFileVC.swift */,
				ACB94F261F750B6000EC586D /* viewImageVC.swift */,
			);
			path = Controller;
			sourceTree = "<group>";
		};
		ACF64A051F7515F100382ED5 /* View */ = {
			isa = PBXGroup;
			children = (
			);
			path = View;
			sourceTree = "<group>";
		};
		ACF64A061F7515F800382ED5 /* Model */ = {
			isa = PBXGroup;
			children = (
			);
			path = Model;
			sourceTree = "<group>";
		};
/* End PBXGroup section */

/* Begin PBXNativeTarget section */
		49C1DAC91F74F3F60056EA86 /* InstaNewt */ = {
			isa = PBXNativeTarget;
			buildConfigurationList = 49C1DADC1F74F3F60056EA86 /* Build configuration list for PBXNativeTarget "InstaNewt" */;
			buildPhases = (
				49C1DAC61F74F3F60056EA86 /* Sources */,
				49C1DAC71F74F3F60056EA86 /* Frameworks */,
				49C1DAC81F74F3F60056EA86 /* Resources */,
			);
			buildRules = (
			);
			dependencies = (
			);
			name = InstaNewt;
			productName = InstaNewt;
			productReference = 49C1DACA1F74F3F60056EA86 /* InstaNewt.app */;
			productType = "com.apple.product-type.application";
		};
/* End PBXNativeTarget section */

/* Begin PBXProject section */
		49C1DAC21F74F3F50056EA86 /* Project object */ = {
			isa = PBXProject;
			attributes = {
				LastSwiftUpdateCheck = 0900;
				LastUpgradeCheck = 0900;
				ORGANIZATIONNAME = "Jacob Ahlberg";
				TargetAttributes = {
					49C1DAC91F74F3F60056EA86 = {
						CreatedOnToolsVersion = 9.0;
						ProvisioningStyle = Automatic;
					};
				};
			};
			buildConfigurationList = 49C1DAC51F74F3F50056EA86 /* Build configuration list for PBXProject "InstaNewt" */;
			compatibilityVersion = "Xcode 8.0";
			developmentRegion = en;
			hasScannedForEncodings = 0;
			knownRegions = (
				en,
				Base,
			);
			mainGroup = 49C1DAC11F74F3F50056EA86;
			productRefGroup = 49C1DACB1F74F3F60056EA86 /* Products */;
			projectDirPath = "";
			projectRoot = "";
			targets = (
				49C1DAC91F74F3F60056EA86 /* InstaNewt */,
			);
		};
/* End PBXProject section */

/* Begin PBXResourcesBuildPhase section */
		49C1DAC81F74F3F60056EA86 /* Resources */ = {
			isa = PBXResourcesBuildPhase;
			buildActionMask = 2147483647;
			files = (
				49C1DAD81F74F3F60056EA86 /* LaunchScreen.storyboard in Resources */,
				49C1DAD51F74F3F60056EA86 /* Assets.xcassets in Resources */,
				49C1DAD31F74F3F60056EA86 /* Main.storyboard in Resources */,
			);
			runOnlyForDeploymentPostprocessing = 0;
		};
/* End PBXResourcesBuildPhase section */

/* Begin PBXSourcesBuildPhase section */
		49C1DAC61F74F3F60056EA86 /* Sources */ = {
			isa = PBXSourcesBuildPhase;
			buildActionMask = 2147483647;
			files = (
				ACB94F251F74FF7600EC586D /* UploadFileVC.swift in Sources */,
				49C1DAD01F74F3F60056EA86 /* MainViewController.swift in Sources */,
				49C1DACE1F74F3F60056EA86 /* AppDelegate.swift in Sources */,
			);
			runOnlyForDeploymentPostprocessing = 0;
		};
/* End PBXSourcesBuildPhase section */

/* Begin PBXVariantGroup section */
		49C1DAD11F74F3F60056EA86 /* Main.storyboard */ = {
			isa = PBXVariantGroup;
			children = (
				49C1DAD21F74F3F60056EA86 /* Base */,
			);
			name = Main.storyboard;
			sourceTree = "<group>";
		};
		49C1DAD61F74F3F60056EA86 /* LaunchScreen.storyboard */ = {
			isa = PBXVariantGroup;
			children = (
				49C1DAD71F74F3F60056EA86 /* Base */,
			);
			name = LaunchScreen.storyboard;
			sourceTree = "<group>";
		};
/* End PBXVariantGroup section */

/* Begin XCBuildConfiguration section */
		49C1DADA1F74F3F60056EA86 /* Debug */ = {
			isa = XCBuildConfiguration;
			buildSettings = {
				ALWAYS_SEARCH_USER_PATHS = NO;
				CLANG_ANALYZER_NONNULL = YES;
				CLANG_ANALYZER_NUMBER_OBJECT_CONVERSION = YES_AGGRESSIVE;
				CLANG_CXX_LANGUAGE_STANDARD = "gnu++14";
				CLANG_CXX_LIBRARY = "libc++";
				CLANG_ENABLE_MODULES = YES;
				CLANG_ENABLE_OBJC_ARC = YES;
				CLANG_WARN_BLOCK_CAPTURE_AUTORELEASING = YES;
				CLANG_WARN_BOOL_CONVERSION = YES;
				CLANG_WARN_COMMA = YES;
				CLANG_WARN_CONSTANT_CONVERSION = YES;
				CLANG_WARN_DIRECT_OBJC_ISA_USAGE = YES_ERROR;
				CLANG_WARN_DOCUMENTATION_COMMENTS = YES;
				CLANG_WARN_EMPTY_BODY = YES;
				CLANG_WARN_ENUM_CONVERSION = YES;
				CLANG_WARN_INFINITE_RECURSION = YES;
				CLANG_WARN_INT_CONVERSION = YES;
				CLANG_WARN_NON_LITERAL_NULL_CONVERSION = YES;
				CLANG_WARN_OBJC_LITERAL_CONVERSION = YES;
				CLANG_WARN_OBJC_ROOT_CLASS = YES_ERROR;
				CLANG_WARN_RANGE_LOOP_ANALYSIS = YES;
				CLANG_WARN_STRICT_PROTOTYPES = YES;
				CLANG_WARN_SUSPICIOUS_MOVE = YES;
				CLANG_WARN_UNGUARDED_AVAILABILITY = YES_AGGRESSIVE;
				CLANG_WARN_UNREACHABLE_CODE = YES;
				CLANG_WARN__DUPLICATE_METHOD_MATCH = YES;
				CODE_SIGN_IDENTITY = "iPhone Developer";
				COPY_PHASE_STRIP = NO;
				DEBUG_INFORMATION_FORMAT = dwarf;
				ENABLE_STRICT_OBJC_MSGSEND = YES;
				ENABLE_TESTABILITY = YES;
				GCC_C_LANGUAGE_STANDARD = gnu11;
				GCC_DYNAMIC_NO_PIC = NO;
				GCC_NO_COMMON_BLOCKS = YES;
				GCC_OPTIMIZATION_LEVEL = 0;
				GCC_PREPROCESSOR_DEFINITIONS = (
					"DEBUG=1",
					"$(inherited)",
				);
				GCC_WARN_64_TO_32_BIT_CONVERSION = YES;
				GCC_WARN_ABOUT_RETURN_TYPE = YES_ERROR;
				GCC_WARN_UNDECLARED_SELECTOR = YES;
				GCC_WARN_UNINITIALIZED_AUTOS = YES_AGGRESSIVE;
				GCC_WARN_UNUSED_FUNCTION = YES;
				GCC_WARN_UNUSED_VARIABLE = YES;
				IPHONEOS_DEPLOYMENT_TARGET = 11.0;
				MTL_ENABLE_DEBUG_INFO = YES;
				ONLY_ACTIVE_ARCH = YES;
				SDKROOT = iphoneos;
				SWIFT_ACTIVE_COMPILATION_CONDITIONS = DEBUG;
				SWIFT_OPTIMIZATION_LEVEL = "-Onone";
			};
			name = Debug;
		};
		49C1DADB1F74F3F60056EA86 /* Release */ = {
			isa = XCBuildConfiguration;
			buildSettings = {
				ALWAYS_SEARCH_USER_PATHS = NO;
				CLANG_ANALYZER_NONNULL = YES;
				CLANG_ANALYZER_NUMBER_OBJECT_CONVERSION = YES_AGGRESSIVE;
				CLANG_CXX_LANGUAGE_STANDARD = "gnu++14";
				CLANG_CXX_LIBRARY = "libc++";
				CLANG_ENABLE_MODULES = YES;
				CLANG_ENABLE_OBJC_ARC = YES;
				CLANG_WARN_BLOCK_CAPTURE_AUTORELEASING = YES;
				CLANG_WARN_BOOL_CONVERSION = YES;
				CLANG_WARN_COMMA = YES;
				CLANG_WARN_CONSTANT_CONVERSION = YES;
				CLANG_WARN_DIRECT_OBJC_ISA_USAGE = YES_ERROR;
				CLANG_WARN_DOCUMENTATION_COMMENTS = YES;
				CLANG_WARN_EMPTY_BODY = YES;
				CLANG_WARN_ENUM_CONVERSION = YES;
				CLANG_WARN_INFINITE_RECURSION = YES;
				CLANG_WARN_INT_CONVERSION = YES;
				CLANG_WARN_NON_LITERAL_NULL_CONVERSION = YES;
				CLANG_WARN_OBJC_LITERAL_CONVERSION = YES;
				CLANG_WARN_OBJC_ROOT_CLASS = YES_ERROR;
				CLANG_WARN_RANGE_LOOP_ANALYSIS = YES;
				CLANG_WARN_STRICT_PROTOTYPES = YES;
				CLANG_WARN_SUSPICIOUS_MOVE = YES;
				CLANG_WARN_UNGUARDED_AVAILABILITY = YES_AGGRESSIVE;
				CLANG_WARN_UNREACHABLE_CODE = YES;
				CLANG_WARN__DUPLICATE_METHOD_MATCH = YES;
				CODE_SIGN_IDENTITY = "iPhone Developer";
				COPY_PHASE_STRIP = NO;
				DEBUG_INFORMATION_FORMAT = "dwarf-with-dsym";
				ENABLE_NS_ASSERTIONS = NO;
				ENABLE_STRICT_OBJC_MSGSEND = YES;
				GCC_C_LANGUAGE_STANDARD = gnu11;
				GCC_NO_COMMON_BLOCKS = YES;
				GCC_WARN_64_TO_32_BIT_CONVERSION = YES;
				GCC_WARN_ABOUT_RETURN_TYPE = YES_ERROR;
				GCC_WARN_UNDECLARED_SELECTOR = YES;
				GCC_WARN_UNINITIALIZED_AUTOS = YES_AGGRESSIVE;
				GCC_WARN_UNUSED_FUNCTION = YES;
				GCC_WARN_UNUSED_VARIABLE = YES;
				IPHONEOS_DEPLOYMENT_TARGET = 11.0;
				MTL_ENABLE_DEBUG_INFO = NO;
				SDKROOT = iphoneos;
				SWIFT_OPTIMIZATION_LEVEL = "-Owholemodule";
				VALIDATE_PRODUCT = YES;
			};
			name = Release;
		};
		49C1DADD1F74F3F60056EA86 /* Debug */ = {
			isa = XCBuildConfiguration;
			buildSettings = {
				ASSETCATALOG_COMPILER_APPICON_NAME = AppIcon;
				CODE_SIGN_STYLE = Automatic;
				DEVELOPMENT_TEAM = 9Q7U528RQ3;
				INFOPLIST_FILE = InstaNewt/Info.plist;
				LD_RUNPATH_SEARCH_PATHS = "$(inherited) @executable_path/Frameworks";
				PRODUCT_BUNDLE_IDENTIFIER = se.example.InstaNewt;
				PRODUCT_NAME = "$(TARGET_NAME)";
				SWIFT_VERSION = 4.0;
				TARGETED_DEVICE_FAMILY = "1,2";
			};
			name = Debug;
		};
		49C1DADE1F74F3F60056EA86 /* Release */ = {
			isa = XCBuildConfiguration;
			buildSettings = {
				ASSETCATALOG_COMPILER_APPICON_NAME = AppIcon;
				CODE_SIGN_STYLE = Automatic;
				DEVELOPMENT_TEAM = 9Q7U528RQ3;
				INFOPLIST_FILE = InstaNewt/Info.plist;
				LD_RUNPATH_SEARCH_PATHS = "$(inherited) @executable_path/Frameworks";
				PRODUCT_BUNDLE_IDENTIFIER = se.example.InstaNewt;
				PRODUCT_NAME = "$(TARGET_NAME)";
				SWIFT_VERSION = 4.0;
				TARGETED_DEVICE_FAMILY = "1,2";
			};
			name = Release;
		};
/* End XCBuildConfiguration section */

/* Begin XCConfigurationList section */
		49C1DAC51F74F3F50056EA86 /* Build configuration list for PBXProject "InstaNewt" */ = {
			isa = XCConfigurationList;
			buildConfigurations = (
				49C1DADA1F74F3F60056EA86 /* Debug */,
				49C1DADB1F74F3F60056EA86 /* Release */,
			);
			defaultConfigurationIsVisible = 0;
			defaultConfigurationName = Release;
		};
		49C1DADC1F74F3F60056EA86 /* Build configuration list for PBXNativeTarget "InstaNewt" */ = {
			isa = XCConfigurationList;
			buildConfigurations = (
				49C1DADD1F74F3F60056EA86 /* Debug */,
				49C1DADE1F74F3F60056EA86 /* Release */,
			);
			defaultConfigurationIsVisible = 0;
			defaultConfigurationName = Release;
		};
/* End XCConfigurationList section */
	};
	rootObject = 49C1DAC21F74F3F50056EA86 /* Project object */;
}
